
Microsoft Visual Studio Solution File, Format Version 12.00
# Visual Studio Version 16
VisualStudioVersion = 16.0.30225.117
MinimumVisualStudioVersion = 10.0.40219.1
Project("{2150E333-8FDC-42A3-9474-1A3956D46DE8}") = "src", "src", "{08905149-6C66-498F-AE12-8151CF058BE8}"
EndProject
Project("{2150E333-8FDC-42A3-9474-1A3956D46DE8}") = "test", "test", "{911B086F-E294-4C4A-B381-51F0AAD3D1D0}"
EndProject
Project("{9A19103F-16F7-4668-BE54-9A1E7A4F7556}") = "NetToolBox.SpeechRecognition.Abstractions", "src\NetToolBox.SpeechRecognition.Abstractions\NetToolBox.SpeechRecognition.Abstractions.csproj", "{ACDCDE50-685D-44B4-A6F1-BC86A578C8F0}"
EndProject
Project("{9A19103F-16F7-4668-BE54-9A1E7A4F7556}") = "NetToolBox.SpeechRecognition.Azure", "src\NetToolBox.SpeechRecognition.Azure\NetToolBox.SpeechRecognition.Azure.csproj", "{93541540-D2F0-41A3-A09C-F5CA62C9EA09}"
EndProject
Project("{FAE04EC0-301F-11D3-BF4B-00C04F79EFBC}") = "NetToolBox.SpeechRecognition.TestHarness", "NetToolBox.SpeechRecognition.TestHarness\NetToolBox.SpeechRecognition.TestHarness.csproj", "{D151BFCF-7951-4DF9-A75F-77B7A43080B7}"
EndProject
Global
	GlobalSection(SolutionConfigurationPlatforms) = preSolution
		Debug|Any CPU = Debug|Any CPU
		Release|Any CPU = Release|Any CPU
	EndGlobalSection
	GlobalSection(ProjectConfigurationPlatforms) = postSolution
		{ACDCDE50-685D-44B4-A6F1-BC86A578C8F0}.Debug|Any CPU.ActiveCfg = Debug|Any CPU
		{ACDCDE50-685D-44B4-A6F1-BC86A578C8F0}.Debug|Any CPU.Build.0 = Debug|Any CPU
		{ACDCDE50-685D-44B4-A6F1-BC86A578C8F0}.Release|Any CPU.ActiveCfg = Release|Any CPU
		{ACDCDE50-685D-44B4-A6F1-BC86A578C8F0}.Release|Any CPU.Build.0 = Release|Any CPU
		{93541540-D2F0-41A3-A09C-F5CA62C9EA09}.Debug|Any CPU.ActiveCfg = Debug|Any CPU
		{93541540-D2F0-41A3-A09C-F5CA62C9EA09}.Debug|Any CPU.Build.0 = Debug|Any CPU
		{93541540-D2F0-41A3-A09C-F5CA62C9EA09}.Release|Any CPU.ActiveCfg = Release|Any CPU
		{93541540-D2F0-41A3-A09C-F5CA62C9EA09}.Release|Any CPU.Build.0 = Release|Any CPU
		{D151BFCF-7951-4DF9-A75F-77B7A43080B7}.Debug|Any CPU.ActiveCfg = Debug|Any CPU
		{D151BFCF-7951-4DF9-A75F-77B7A43080B7}.Debug|Any CPU.Build.0 = Debug|Any CPU
		{D151BFCF-7951-4DF9-A75F-77B7A43080B7}.Release|Any CPU.ActiveCfg = Release|Any CPU
		{D151BFCF-7951-4DF9-A75F-77B7A43080B7}.Release|Any CPU.Build.0 = Release|Any CPU
	EndGlobalSection
	GlobalSection(SolutionProperties) = preSolution
		HideSolutionNode = FALSE
	EndGlobalSection
	GlobalSection(NestedProjects) = preSolution
		{ACDCDE50-685D-44B4-A6F1-BC86A578C8F0} = {08905149-6C66-498F-AE12-8151CF058BE8}
		{93541540-D2F0-41A3-A09C-F5CA62C9EA09} = {08905149-6C66-498F-AE12-8151CF058BE8}
		{D151BFCF-7951-4DF9-A75F-77B7A43080B7} = {911B086F-E294-4C4A-B381-51F0AAD3D1D0}
	EndGlobalSection
	GlobalSection(ExtensibilityGlobals) = postSolution
		SolutionGuid = {44462A6E-F8E7-47C8-B4D6-C83ED558712B}
	EndGlobalSection
EndGlobal
